
Microsoft Visual Studio Solution File, Format Version 12.00
# Visual Studio Version 16
VisualStudioVersion = 16.0.29409.12
MinimumVisualStudioVersion = 10.0.40219.1
Project("{9A19103F-16F7-4668-BE54-9A1E7A4F7556}") = "Template.Api", "src\Challenge.Api\Template.Api.csproj", "{5C514BF6-4E98-4573-B8CA-11494DB5492F}"
EndProject
Project("{9A19103F-16F7-4668-BE54-9A1E7A4F7556}") = "Template.Business", "src\Challenge.Business\Template.Business.csproj", "{B9DDA815-99C4-433B-9C8B-B47B96263CB6}"
EndProject
Project("{9A19103F-16F7-4668-BE54-9A1E7A4F7556}") = "Template.Data", "src\Challenge.Data\Template.Data.csproj", "{AD642FE5-7F0B-43C3-9CF8-3E6F03B89656}"
EndProject
Global
	GlobalSection(SolutionConfigurationPlatforms) = preSolution
		Debug|Any CPU = Debug|Any CPU
		Release|Any CPU = Release|Any CPU
	EndGlobalSection
	GlobalSection(ProjectConfigurationPlatforms) = postSolution
		{5C514BF6-4E98-4573-B8CA-11494DB5492F}.Debug|Any CPU.ActiveCfg = Debug|Any CPU
		{5C514BF6-4E98-4573-B8CA-11494DB5492F}.Debug|Any CPU.Build.0 = Debug|Any CPU
		{5C514BF6-4E98-4573-B8CA-11494DB5492F}.Release|Any CPU.ActiveCfg = Release|Any CPU
		{5C514BF6-4E98-4573-B8CA-11494DB5492F}.Release|Any CPU.Build.0 = Release|Any CPU
		{B9DDA815-99C4-433B-9C8B-B47B96263CB6}.Debug|Any CPU.ActiveCfg = Debug|Any CPU
		{B9DDA815-99C4-433B-9C8B-B47B96263CB6}.Debug|Any CPU.Build.0 = Debug|Any CPU
		{B9DDA815-99C4-433B-9C8B-B47B96263CB6}.Release|Any CPU.ActiveCfg = Release|Any CPU
		{B9DDA815-99C4-433B-9C8B-B47B96263CB6}.Release|Any CPU.Build.0 = Release|Any CPU
		{AD642FE5-7F0B-43C3-9CF8-3E6F03B89656}.Debug|Any CPU.ActiveCfg = Debug|Any CPU
		{AD642FE5-7F0B-43C3-9CF8-3E6F03B89656}.Debug|Any CPU.Build.0 = Debug|Any CPU
		{AD642FE5-7F0B-43C3-9CF8-3E6F03B89656}.Release|Any CPU.ActiveCfg = Release|Any CPU
		{AD642FE5-7F0B-43C3-9CF8-3E6F03B89656}.Release|Any CPU.Build.0 = Release|Any CPU
	EndGlobalSection
	GlobalSection(SolutionProperties) = preSolution
		HideSolutionNode = FALSE
	EndGlobalSection
	GlobalSection(ExtensibilityGlobals) = postSolution
		SolutionGuid = {2CB11D34-0E24-4EF3-80F1-8FC652C51A90}
	EndGlobalSection
EndGlobal
